// !$*UTF8*$!
{
	archiveVersion = 1;
	classes = {
	};
	objectVersion = 77;
	objects = {

/* Begin PBXContainerItemProxy section */
		C521DE872EDA87AB00ADB474 /* PBXContainerItemProxy */ = {
			isa = PBXContainerItemProxy;
			containerPortal = C521DE712EDA87AA00ADB474 /* Project object */;
			proxyType = 1;
			remoteGlobalIDString = C521DE782EDA87AA00ADB474;
			remoteInfo = FindAnimal;
		};
		C521DE912EDA87AB00ADB474 /* PBXContainerItemProxy */ = {
			isa = PBXContainerItemProxy;
			containerPortal = C521DE712EDA87AA00ADB474 /* Project object */;
			proxyType = 1;
			remoteGlobalIDString = C521DE782EDA87AA00ADB474;
			remoteInfo = FindAnimal;
		};
/* End PBXContainerItemProxy section */

/* Begin PBXFileReference section */
		C521DE792EDA87AA00ADB474 /* FindAnimal.app */ = {isa = PBXFileReference; explicitFileType = wrapper.application; includeInIndex = 0; path = FindAnimal.app; sourceTree = BUILT_PRODUCTS_DIR; };
		C521DE862EDA87AB00ADB474 /* FindAnimalTests.xctest */ = {isa = PBXFileReference; explicitFileType = wrapper.cfbundle; includeInIndex = 0; path = FindAnimalTests.xctest; sourceTree = BUILT_PRODUCTS_DIR; };
		C521DE902EDA87AB00ADB474 /* FindAnimalUITests.xctest */ = {isa = PBXFileReference; explicitFileType = wrapper.cfbundle; includeInIndex = 0; path = FindAnimalUITests.xctest; sourceTree = BUILT_PRODUCTS_DIR; };
/* End PBXFileReference section */

/* Begin PBXFileSystemSynchronizedRootGroup section */
		C521DE7B2EDA87AA00ADB474 /* FindAnimal */ = {
			isa = PBXFileSystemSynchronizedRootGroup;
			path = FindAnimal;
			sourceTree = "<group>";
		};
		C521DE892EDA87AB00ADB474 /* FindAnimalTests */ = {
			isa = PBXFileSystemSynchronizedRootGroup;
			path = FindAnimalTests;
			sourceTree = "<group>";
		};
		C521DE932EDA87AB00ADB474 /* FindAnimalUITests */ = {
			isa = PBXFileSystemSynchronizedRootGroup;
			path = FindAnimalUITests;
			sourceTree = "<group>";
		};
/* End PBXFileSystemSynchronizedRootGroup section */

/* Begin PBXFrameworksBuildPhase section */
		C521DE762EDA87AA00ADB474 /* Frameworks */ = {
			isa = PBXFrameworksBuildPhase;
			buildActionMask = 2147483647;
			files = (
			);
			runOnlyForDeploymentPostprocessing = 0;
		};
		C521DE832EDA87AB00ADB474 /* Frameworks */ = {
			isa = PBXFrameworksBuildPhase;
			buildActionMask = 2147483647;
			files = (
			);
			runOnlyForDeploymentPostprocessing = 0;
		};
		C521DE8D2EDA87AB00ADB474 /* Frameworks */ = {
			isa = PBXFrameworksBuildPhase;
			buildActionMask = 2147483647;
			files = (
			);
			runOnlyForDeploymentPostprocessing = 0;
		};
/* End PBXFrameworksBuildPhase section */

/* Begin PBXGroup section */
		C521DE702EDA87AA00ADB474 = {
			isa = PBXGroup;
			children = (
				C521DE7B2EDA87AA00ADB474 /* FindAnimal */,
				C521DE892EDA87AB00ADB474 /* FindAnimalTests */,
				C521DE932EDA87AB00ADB474 /* FindAnimalUITests */,
				C521DE7A2EDA87AA00ADB474 /* Products */,
			);
			sourceTree = "<group>";
		};
		C521DE7A2EDA87AA00ADB474 /* Products */ = {
			isa = PBXGroup;
			children = (
				C521DE792EDA87AA00ADB474 /* FindAnimal.app */,
				C521DE862EDA87AB00ADB474 /* FindAnimalTests.xctest */,
				C521DE902EDA87AB00ADB474 /* FindAnimalUITests.xctest */,
			);
			name = Products;
			sourceTree = "<group>";
		};
/* End PBXGroup section */

/* Begin PBXNativeTarget section */
		C521DE782EDA87AA00ADB474 /* FindAnimal */ = {
			isa = PBXNativeTarget;
			buildConfigurationList = C521DE9A2EDA87AB00ADB474 /* Build configuration list for PBXNativeTarget "FindAnimal" */;
			buildPhases = (
				C521DE752EDA87AA00ADB474 /* Sources */,
				C521DE762EDA87AA00ADB474 /* Frameworks */,
				C521DE772EDA87AA00ADB474 /* Resources */,
			);
			buildRules = (
			);
			dependencies = (
			);
			fileSystemSynchronizedGroups = (
				C521DE7B2EDA87AA00ADB474 /* FindAnimal */,
			);
			name = FindAnimal;
			packageProductDependencies = (
			);
			productName = FindAnimal;
			productReference = C521DE792EDA87AA00ADB474 /* FindAnimal.app */;
			productType = "com.apple.product-type.application";
		};
		C521DE852EDA87AB00ADB474 /* FindAnimalTests */ = {
			isa = PBXNativeTarget;
			buildConfigurationList = C521DE9D2EDA87AB00ADB474 /* Build configuration list for PBXNativeTarget "FindAnimalTests" */;
			buildPhases = (
				C521DE822EDA87AB00ADB474 /* Sources */,
				C521DE832EDA87AB00ADB474 /* Frameworks */,
				C521DE842EDA87AB00ADB474 /* Resources */,
			);
			buildRules = (
			);
			dependencies = (
				C521DE882EDA87AB00ADB474 /* PBXTargetDependency */,
			);
			fileSystemSynchronizedGroups = (
				C521DE892EDA87AB00ADB474 /* FindAnimalTests */,
			);
			name = FindAnimalTests;
			packageProductDependencies = (
			);
			productName = FindAnimalTests;
			productReference = C521DE862EDA87AB00ADB474 /* FindAnimalTests.xctest */;
			productType = "com.apple.product-type.bundle.unit-test";
		};
		C521DE8F2EDA87AB00ADB474 /* FindAnimalUITests */ = {
			isa = PBXNativeTarget;
			buildConfigurationList = C521DEA02EDA87AB00ADB474 /* Build configuration list for PBXNativeTarget "FindAnimalUITests" */;
			buildPhases = (
				C521DE8C2EDA87AB00ADB474 /* Sources */,
				C521DE8D2EDA87AB00ADB474 /* Frameworks */,
				C521DE8E2EDA87AB00ADB474 /* Resources */,
			);
			buildRules = (
			);
			dependencies = (
				C521DE922EDA87AB00ADB474 /* PBXTargetDependency */,
			);
			fileSystemSynchronizedGroups = (
				C521DE932EDA87AB00ADB474 /* FindAnimalUITests */,
			);
			name = FindAnimalUITests;
			packageProductDependencies = (
			);
			productName = FindAnimalUITests;
			productReference = C521DE902EDA87AB00ADB474 /* FindAnimalUITests.xctest */;
			productType = "com.apple.product-type.bundle.ui-testing";
		};
/* End PBXNativeTarget section */

/* Begin PBXProject section */
		C521DE712EDA87AA00ADB474 /* Project object */ = {
			isa = PBXProject;
			attributes = {
				BuildIndependentTargetsInParallel = 1;
				LastSwiftUpdateCheck = 1640;
				LastUpgradeCheck = 1640;
				TargetAttributes = {
					C521DE782EDA87AA00ADB474 = {
						CreatedOnToolsVersion = 16.4;
					};
					C521DE852EDA87AB00ADB474 = {
						CreatedOnToolsVersion = 16.4;
						TestTargetID = C521DE782EDA87AA00ADB474;
					};
					C521DE8F2EDA87AB00ADB474 = {
						CreatedOnToolsVersion = 16.4;
						TestTargetID = C521DE782EDA87AA00ADB474;
					};
				};
			};
			buildConfigurationList = C521DE742EDA87AA00ADB474 /* Build configuration list for PBXProject "FindAnimal" */;
			developmentRegion = en;
			hasScannedForEncodings = 0;
			knownRegions = (
				en,
				Base,
			);
			mainGroup = C521DE702EDA87AA00ADB474;
			minimizedProjectReferenceProxies = 1;
			preferredProjectObjectVersion = 77;
			productRefGroup = C521DE7A2EDA87AA00ADB474 /* Products */;
			projectDirPath = "";
			projectRoot = "";
			targets = (
				C521DE782EDA87AA00ADB474 /* FindAnimal */,
				C521DE852EDA87AB00ADB474 /* FindAnimalTests */,
				C521DE8F2EDA87AB00ADB474 /* FindAnimalUITests */,
			);
		};
/* End PBXProject section */

/* Begin PBXResourcesBuildPhase section */
		C521DE772EDA87AA00ADB474 /* Resources */ = {
			isa = PBXResourcesBuildPhase;
			buildActionMask = 2147483647;
			files = (
			);
			runOnlyForDeploymentPostprocessing = 0;
		};
		C521DE842EDA87AB00ADB474 /* Resources */ = {
			isa = PBXResourcesBuildPhase;
			buildActionMask = 2147483647;
			files = (
			);
			runOnlyForDeploymentPostprocessing = 0;
		};
		C521DE8E2EDA87AB00ADB474 /* Resources */ = {
			isa = PBXResourcesBuildPhase;
			buildActionMask = 2147483647;
			files = (
			);
			runOnlyForDeploymentPostprocessing = 0;
		};
/* End PBXResourcesBuildPhase section */

/* Begin PBXSourcesBuildPhase section */
		C521DE752EDA87AA00ADB474 /* Sources */ = {
			isa = PBXSourcesBuildPhase;
			buildActionMask = 2147483647;
			files = (
			);
			runOnlyForDeploymentPostprocessing = 0;
		};
		C521DE822EDA87AB00ADB474 /* Sources */ = {
			isa = PBXSourcesBuildPhase;
			buildActionMask = 2147483647;
			files = (
			);
			runOnlyForDeploymentPostprocessing = 0;
		};
		C521DE8C2EDA87AB00ADB474 /* Sources */ = {
			isa = PBXSourcesBuildPhase;
			buildActionMask = 2147483647;
			files = (
			);
			runOnlyForDeploymentPostprocessing = 0;
		};
/* End PBXSourcesBuildPhase section */

/* Begin PBXTargetDependency section */
		C521DE882EDA87AB00ADB474 /* PBXTargetDependency */ = {
			isa = PBXTargetDependency;
			target = C521DE782EDA87AA00ADB474 /* FindAnimal */;
			targetProxy = C521DE872EDA87AB00ADB474 /* PBXContainerItemProxy */;
		};
		C521DE922EDA87AB00ADB474 /* PBXTargetDependency */ = {
			isa = PBXTargetDependency;
			target = C521DE782EDA87AA00ADB474 /* FindAnimal */;
			targetProxy = C521DE912EDA87AB00ADB474 /* PBXContainerItemProxy */;
		};
/* End PBXTargetDependency section */

/* Begin XCBuildConfiguration section */
		C521DE982EDA87AB00ADB474 /* Debug */ = {
			isa = XCBuildConfiguration;
			buildSettings = {
				ALWAYS_SEARCH_USER_PATHS = NO;
				ASSETCATALOG_COMPILER_GENERATE_SWIFT_ASSET_SYMBOL_EXTENSIONS = YES;
				CLANG_ANALYZER_NONNULL = YES;
				CLANG_ANALYZER_NUMBER_OBJECT_CONVERSION = YES_AGGRESSIVE;
				CLANG_CXX_LANGUAGE_STANDARD = "gnu++20";
				CLANG_ENABLE_MODULES = YES;
				CLANG_ENABLE_OBJC_ARC = YES;
				CLANG_ENABLE_OBJC_WEAK = YES;
				CLANG_WARN_BLOCK_CAPTURE_AUTORELEASING = YES;
				CLANG_WARN_BOOL_CONVERSION = YES;
				CLANG_WARN_COMMA = YES;
				CLANG_WARN_CONSTANT_CONVERSION = YES;
				CLANG_WARN_DEPRECATED_OBJC_IMPLEMENTATIONS = YES;
				CLANG_WARN_DIRECT_OBJC_ISA_USAGE = YES_ERROR;
				CLANG_WARN_DOCUMENTATION_COMMENTS = YES;
				CLANG_WARN_EMPTY_BODY = YES;
				CLANG_WARN_ENUM_CONVERSION = YES;
				CLANG_WARN_INFINITE_RECURSION = YES;
				CLANG_WARN_INT_CONVERSION = YES;
				CLANG_WARN_NON_LITERAL_NULL_CONVERSION = YES;
				CLANG_WARN_OBJC_IMPLICIT_RETAIN_SELF = YES;
				CLANG_WARN_OBJC_LITERAL_CONVERSION = YES;
				CLANG_WARN_OBJC_ROOT_CLASS = YES_ERROR;
				CLANG_WARN_QUOTED_INCLUDE_IN_FRAMEWORK_HEADER = YES;
				CLANG_WARN_RANGE_LOOP_ANALYSIS = YES;
				CLANG_WARN_STRICT_PROTOTYPES = YES;
				CLANG_WARN_SUSPICIOUS_MOVE = YES;
				CLANG_WARN_UNGUARDED_AVAILABILITY = YES_AGGRESSIVE;
				CLANG_WARN_UNREACHABLE_CODE = YES;
				CLANG_WARN__DUPLICATE_METHOD_MATCH = YES;
				COPY_PHASE_STRIP = NO;
				DEBUG_INFORMATION_FORMAT = dwarf;
				DEVELOPMENT_TEAM = GX7GZ76YD4;
				ENABLE_STRICT_OBJC_MSGSEND = YES;
				ENABLE_TESTABILITY = YES;
				ENABLE_USER_SCRIPT_SANDBOXING = YES;
				GCC_C_LANGUAGE_STANDARD = gnu17;
				GCC_DYNAMIC_NO_PIC = NO;
				GCC_NO_COMMON_BLOCKS = YES;
				GCC_OPTIMIZATION_LEVEL = 0;
				GCC_PREPROCESSOR_DEFINITIONS = (
					"DEBUG=1",
					"$(inherited)",
				);
				GCC_WARN_64_TO_32_BIT_CONVERSION = YES;
				GCC_WARN_ABOUT_RETURN_TYPE = YES_ERROR;
				GCC_WARN_UNDECLARED_SELECTOR = YES;
				GCC_WARN_UNINITIALIZED_AUTOS = YES_AGGRESSIVE;
				GCC_WARN_UNUSED_FUNCTION = YES;
				GCC_WARN_UNUSED_VARIABLE = YES;
				IPHONEOS_DEPLOYMENT_TARGET = 18.5;
				LOCALIZATION_PREFERS_STRING_CATALOGS = YES;
				MTL_ENABLE_DEBUG_INFO = INCLUDE_SOURCE;
				MTL_FAST_MATH = YES;
				ONLY_ACTIVE_ARCH = YES;
				SDKROOT = iphoneos;
				SWIFT_ACTIVE_COMPILATION_CONDITIONS = "DEBUG $(inherited)";
				SWIFT_OPTIMIZATION_LEVEL = "-Onone";
			};
			name = Debug;
		};
		C521DE992EDA87AB00ADB474 /* Release */ = {
			isa = XCBuildConfiguration;
			buildSettings = {
				ALWAYS_SEARCH_USER_PATHS = NO;
				ASSETCATALOG_COMPILER_GENERATE_SWIFT_ASSET_SYMBOL_EXTENSIONS = YES;
				CLANG_ANALYZER_NONNULL = YES;
				CLANG_ANALYZER_NUMBER_OBJECT_CONVERSION = YES_AGGRESSIVE;
				CLANG_CXX_LANGUAGE_STANDARD = "gnu++20";
				CLANG_ENABLE_MODULES = YES;
				CLANG_ENABLE_OBJC_ARC = YES;
				CLANG_ENABLE_OBJC_WEAK = YES;
				CLANG_WARN_BLOCK_CAPTURE_AUTORELEASING = YES;
				CLANG_WARN_BOOL_CONVERSION = YES;
				CLANG_WARN_COMMA = YES;
				CLANG_WARN_CONSTANT_CONVERSION = YES;
				CLANG_WARN_DEPRECATED_OBJC_IMPLEMENTATIONS = YES;
				CLANG_WARN_DIRECT_OBJC_ISA_USAGE = YES_ERROR;
				CLANG_WARN_DOCUMENTATION_COMMENTS = YES;
				CLANG_WARN_EMPTY_BODY = YES;
				CLANG_WARN_ENUM_CONVERSION = YES;
				CLANG_WARN_INFINITE_RECURSION = YES;
				CLANG_WARN_INT_CONVERSION = YES;
				CLANG_WARN_NON_LITERAL_NULL_CONVERSION = YES;
				CLANG_WARN_OBJC_IMPLICIT_RETAIN_SELF = YES;
				CLANG_WARN_OBJC_LITERAL_CONVERSION = YES;
				CLANG_WARN_OBJC_ROOT_CLASS = YES_ERROR;
				CLANG_WARN_QUOTED_INCLUDE_IN_FRAMEWORK_HEADER = YES;
				CLANG_WARN_RANGE_LOOP_ANALYSIS = YES;
				CLANG_WARN_STRICT_PROTOTYPES = YES;
				CLANG_WARN_SUSPICIOUS_MOVE = YES;
				CLANG_WARN_UNGUARDED_AVAILABILITY = YES_AGGRESSIVE;
				CLANG_WARN_UNREACHABLE_CODE = YES;
				CLANG_WARN__DUPLICATE_METHOD_MATCH = YES;
				COPY_PHASE_STRIP = NO;
				DEBUG_INFORMATION_FORMAT = "dwarf-with-dsym";
				DEVELOPMENT_TEAM = GX7GZ76YD4;
				ENABLE_NS_ASSERTIONS = NO;
				ENABLE_STRICT_OBJC_MSGSEND = YES;
				ENABLE_USER_SCRIPT_SANDBOXING = YES;
				GCC_C_LANGUAGE_STANDARD = gnu17;
				GCC_NO_COMMON_BLOCKS = YES;
				GCC_WARN_64_TO_32_BIT_CONVERSION = YES;
				GCC_WARN_ABOUT_RETURN_TYPE = YES_ERROR;
				GCC_WARN_UNDECLARED_SELECTOR = YES;
				GCC_WARN_UNINITIALIZED_AUTOS = YES_AGGRESSIVE;
				GCC_WARN_UNUSED_FUNCTION = YES;
				GCC_WARN_UNUSED_VARIABLE = YES;
				IPHONEOS_DEPLOYMENT_TARGET = 18.5;
				LOCALIZATION_PREFERS_STRING_CATALOGS = YES;
				MTL_ENABLE_DEBUG_INFO = NO;
				MTL_FAST_MATH = YES;
				SDKROOT = iphoneos;
				SWIFT_COMPILATION_MODE = wholemodule;
				VALIDATE_PRODUCT = YES;
			};
			name = Release;
		};
		C521DE9B2EDA87AB00ADB474 /* Debug */ = {
			isa = XCBuildConfiguration;
			buildSettings = {
				ASSETCATALOG_COMPILER_APPICON_NAME = AppIcon;
				ASSETCATALOG_COMPILER_GLOBAL_ACCENT_COLOR_NAME = AccentColor;
				CODE_SIGN_STYLE = Automatic;
				CURRENT_PROJECT_VERSION = 1;
				DEVELOPMENT_TEAM = GX7GZ76YD4;
				ENABLE_PREVIEWS = YES;
				GENERATE_INFOPLIST_FILE = YES;
				INFOPLIST_KEY_UIApplicationSceneManifest_Generation = YES;
				INFOPLIST_KEY_UIApplicationSupportsIndirectInputEvents = YES;
				INFOPLIST_KEY_UILaunchScreen_Generation = YES;
				INFOPLIST_KEY_UISupportedInterfaceOrientations_iPad = "UIInterfaceOrientationPortrait UIInterfaceOrientationPortraitUpsideDown UIInterfaceOrientationLandscapeLeft UIInterfaceOrientationLandscapeRight";
				INFOPLIST_KEY_UISupportedInterfaceOrientations_iPhone = "UIInterfaceOrientationPortrait UIInterfaceOrientationLandscapeLeft UIInterfaceOrientationLandscapeRight";
				LD_RUNPATH_SEARCH_PATHS = (
					"$(inherited)",
					"@executable_path/Frameworks",
				);
				MARKETING_VERSION = 1.0;
				PRODUCT_BUNDLE_IDENTIFIER = Home.FindAnimal;
				PRODUCT_NAME = "$(TARGET_NAME)";
				SWIFT_EMIT_LOC_STRINGS = YES;
				SWIFT_VERSION = 5.0;
				TARGETED_DEVICE_FAMILY = "1,2";
			};
			name = Debug;
		};
		C521DE9C2EDA87AB00ADB474 /* Release */ = {
			isa = XCBuildConfiguration;
			buildSettings = {
				ASSETCATALOG_COMPILER_APPICON_NAME = AppIcon;
				ASSETCATALOG_COMPILER_GLOBAL_ACCENT_COLOR_NAME = AccentColor;
				CODE_SIGN_STYLE = Automatic;
				CURRENT_PROJECT_VERSION = 1;
				DEVELOPMENT_TEAM = GX7GZ76YD4;
				ENABLE_PREVIEWS = YES;
				GENERATE_INFOPLIST_FILE = YES;
				INFOPLIST_KEY_UIApplicationSceneManifest_Generation = YES;
				INFOPLIST_KEY_UIApplicationSupportsIndirectInputEvents = YES;
				INFOPLIST_KEY_UILaunchScreen_Generation = YES;
				INFOPLIST_KEY_UISupportedInterfaceOrientations_iPad = "UIInterfaceOrientationPortrait UIInterfaceOrientationPortraitUpsideDown UIInterfaceOrientationLandscapeLeft UIInterfaceOrientationLandscapeRight";
				INFOPLIST_KEY_UISupportedInterfaceOrientations_iPhone = "UIInterfaceOrientationPortrait UIInterfaceOrientationLandscapeLeft UIInterfaceOrientationLandscapeRight";
				LD_RUNPATH_SEARCH_PATHS = (
					"$(inherited)",
					"@executable_path/Frameworks",
				);
				MARKETING_VERSION = 1.0;
				PRODUCT_BUNDLE_IDENTIFIER = Home.FindAnimal;
				PRODUCT_NAME = "$(TARGET_NAME)";
				SWIFT_EMIT_LOC_STRINGS = YES;
				SWIFT_VERSION = 5.0;
				TARGETED_DEVICE_FAMILY = "1,2";
			};
			name = Release;
		};
		C521DE9E2EDA87AB00ADB474 /* Debug */ = {
			isa = XCBuildConfiguration;
			buildSettings = {
				BUNDLE_LOADER = "$(TEST_HOST)";
				CODE_SIGN_STYLE = Automatic;
				CURRENT_PROJECT_VERSION = 1;
				DEVELOPMENT_TEAM = GX7GZ76YD4;
				GENERATE_INFOPLIST_FILE = YES;
				IPHONEOS_DEPLOYMENT_TARGET = 18.5;
				MARKETING_VERSION = 1.0;
				PRODUCT_BUNDLE_IDENTIFIER = Home.FindAnimalTests;
				PRODUCT_NAME = "$(TARGET_NAME)";
				SWIFT_EMIT_LOC_STRINGS = NO;
				SWIFT_VERSION = 5.0;
				TARGETED_DEVICE_FAMILY = "1,2";
				TEST_HOST = "$(BUILT_PRODUCTS_DIR)/FindAnimal.app/$(BUNDLE_EXECUTABLE_FOLDER_PATH)/FindAnimal";
			};
			name = Debug;
		};
		C521DE9F2EDA87AB00ADB474 /* Release */ = {
			isa = XCBuildConfiguration;
			buildSettings = {
				BUNDLE_LOADER = "$(TEST_HOST)";
				CODE_SIGN_STYLE = Automatic;
				CURRENT_PROJECT_VERSION = 1;
				DEVELOPMENT_TEAM = GX7GZ76YD4;
				GENERATE_INFOPLIST_FILE = YES;
				IPHONEOS_DEPLOYMENT_TARGET = 18.5;
				MARKETING_VERSION = 1.0;
				PRODUCT_BUNDLE_IDENTIFIER = Home.FindAnimalTests;
				PRODUCT_NAME = "$(TARGET_NAME)";
				SWIFT_EMIT_LOC_STRINGS = NO;
				SWIFT_VERSION = 5.0;
				TARGETED_DEVICE_FAMILY = "1,2";
				TEST_HOST = "$(BUILT_PRODUCTS_DIR)/FindAnimal.app/$(BUNDLE_EXECUTABLE_FOLDER_PATH)/FindAnimal";
			};
			name = Release;
		};
		C521DEA12EDA87AB00ADB474 /* Debug */ = {
			isa = XCBuildConfiguration;
			buildSettings = {
				CODE_SIGN_STYLE = Automatic;
				CURRENT_PROJECT_VERSION = 1;
				DEVELOPMENT_TEAM = GX7GZ76YD4;
				GENERATE_INFOPLIST_FILE = YES;
				MARKETING_VERSION = 1.0;
				PRODUCT_BUNDLE_IDENTIFIER = Home.FindAnimalUITests;
				PRODUCT_NAME = "$(TARGET_NAME)";
				SWIFT_EMIT_LOC_STRINGS = NO;
				SWIFT_VERSION = 5.0;
				TARGETED_DEVICE_FAMILY = "1,2";
				TEST_TARGET_NAME = FindAnimal;
			};
			name = Debug;
		};
		C521DEA22EDA87AB00ADB474 /* Release */ = {
			isa = XCBuildConfiguration;
			buildSettings = {
				CODE_SIGN_STYLE = Automatic;
				CURRENT_PROJECT_VERSION = 1;
				DEVELOPMENT_TEAM = GX7GZ76YD4;
				GENERATE_INFOPLIST_FILE = YES;
				MARKETING_VERSION = 1.0;
				PRODUCT_BUNDLE_IDENTIFIER = Home.FindAnimalUITests;
				PRODUCT_NAME = "$(TARGET_NAME)";
				SWIFT_EMIT_LOC_STRINGS = NO;
				SWIFT_VERSION = 5.0;
				TARGETED_DEVICE_FAMILY = "1,2";
				TEST_TARGET_NAME = FindAnimal;
			};
			name = Release;
		};
/* End XCBuildConfiguration section */

/* Begin XCConfigurationList section */
		C521DE742EDA87AA00ADB474 /* Build configuration list for PBXProject "FindAnimal" */ = {
			isa = XCConfigurationList;
			buildConfigurations = (
				C521DE982EDA87AB00ADB474 /* Debug */,
				C521DE992EDA87AB00ADB474 /* Release */,
			);
			defaultConfigurationIsVisible = 0;
			defaultConfigurationName = Release;
		};
		C521DE9A2EDA87AB00ADB474 /* Build configuration list for PBXNativeTarget "FindAnimal" */ = {
			isa = XCConfigurationList;
			buildConfigurations = (
				C521DE9B2EDA87AB00ADB474 /* Debug */,
				C521DE9C2EDA87AB00ADB474 /* Release */,
			);
			defaultConfigurationIsVisible = 0;
			defaultConfigurationName = Release;
		};
		C521DE9D2EDA87AB00ADB474 /* Build configuration list for PBXNativeTarget "FindAnimalTests" */ = {
			isa = XCConfigurationList;
			buildConfigurations = (
				C521DE9E2EDA87AB00ADB474 /* Debug */,
				C521DE9F2EDA87AB00ADB474 /* Release */,
			);
			defaultConfigurationIsVisible = 0;
			defaultConfigurationName = Release;
		};
		C521DEA02EDA87AB00ADB474 /* Build configuration list for PBXNativeTarget "FindAnimalUITests" */ = {
			isa = XCConfigurationList;
			buildConfigurations = (
				C521DEA12EDA87AB00ADB474 /* Debug */,
				C521DEA22EDA87AB00ADB474 /* Release */,
			);
			defaultConfigurationIsVisible = 0;
			defaultConfigurationName = Release;
		};
/* End XCConfigurationList section */
	};
	rootObject = C521DE712EDA87AA00ADB474 /* Project object */;
}
